PODS:
  - Realm (3.13.1):
    - Realm/Headers (= 3.13.1)
  - Realm/Headers (3.13.1)
  - RealmSwift (3.13.1):
    - Realm (= 3.13.1)
  - SwiftRangeSlider (2.0.0)

DEPENDENCIES:
  - Realm
  - RealmSwift
  - SwiftRangeSlider

SPEC REPOS:
  https://github.com/cocoapods/specs.git:
    - Realm
    - RealmSwift
    - SwiftRangeSlider

SPEC CHECKSUMS:
  Realm: 50071da38fe079e0735e47c9f2eae738c68c5996
  RealmSwift: 8a1e6a02b7a08cd17a31e3115143fb69fe5f3fb9
  SwiftRangeSlider: f86e3b637c961120158fa1a89277c8343845cbe4

PODFILE CHECKSUM: e6ec95d514cd341e0e9c8995ad58114a7547c9ef

COCOAPODS: 1.6.1
